// !$*UTF8*$!
{
	archiveVersion = 1;
	classes = {
	};
	objectVersion = 46;
	objects = {

/* Begin PBXBuildFile section */
		3A2EE6B91C88A2EE000FE9B9 /* HomeViewController.swift in Sources */ = {isa = PBXBuildFile; fileRef = 3A2EE6B81C88A2EE000FE9B9 /* HomeViewController.swift */; };
		3A2EE6BB1C88A30A000FE9B9 /* CaptureViewController.swift in Sources */ = {isa = PBXBuildFile; fileRef = 3A2EE6BA1C88A30A000FE9B9 /* CaptureViewController.swift */; };
		3A2EE6BD1C88A320000FE9B9 /* ProfileViewController.swift in Sources */ = {isa = PBXBuildFile; fileRef = 3A2EE6BC1C88A320000FE9B9 /* ProfileViewController.swift */; };
		3A2EE6C01C88A58C000FE9B9 /* instaCellTableViewCell.swift in Sources */ = {isa = PBXBuildFile; fileRef = 3A2EE6BF1C88A58C000FE9B9 /* instaCellTableViewCell.swift */; };
		3A2EE6C21C88A7EC000FE9B9 /* UserMedia.swift in Sources */ = {isa = PBXBuildFile; fileRef = 3A2EE6C11C88A7EC000FE9B9 /* UserMedia.swift */; };
		3A5154061C7FB81D007732B3 /* AppDelegate.swift in Sources */ = {isa = PBXBuildFile; fileRef = 3A5154051C7FB81D007732B3 /* AppDelegate.swift */; };
		3A51540B1C7FB81D007732B3 /* Main.storyboard in Resources */ = {isa = PBXBuildFile; fileRef = 3A5154091C7FB81D007732B3 /* Main.storyboard */; };
		3A51540D1C7FB81D007732B3 /* Assets.xcassets in Resources */ = {isa = PBXBuildFile; fileRef = 3A51540C1C7FB81D007732B3 /* Assets.xcassets */; };
		3A5154101C7FB81D007732B3 /* LaunchScreen.storyboard in Resources */ = {isa = PBXBuildFile; fileRef = 3A51540E1C7FB81D007732B3 /* LaunchScreen.storyboard */; };
		3A5154221C7FDCEA007732B3 /* LoginViewController.swift in Sources */ = {isa = PBXBuildFile; fileRef = 3A5154211C7FDCEA007732B3 /* LoginViewController.swift */; };
		3A563AFC1C8FCDB700F8D05F /* Email.xib in Resources */ = {isa = PBXBuildFile; fileRef = 3A563AFB1C8FCDB700F8D05F /* Email.xib */; };
		3A563AFF1C8FCDD000F8D05F /* Email.swift in Sources */ = {isa = PBXBuildFile; fileRef = 3A563AFE1C8FCDD000F8D05F /* Email.swift */; };
		3A563B021C8FDDD000F8D05F /* LogIn.xib in Resources */ = {isa = PBXBuildFile; fileRef = 3A563B011C8FDDD000F8D05F /* LogIn.xib */; };
		3A563B041C8FDDDB00F8D05F /* Login.swift in Sources */ = {isa = PBXBuildFile; fileRef = 3A563B031C8FDDDB00F8D05F /* Login.swift */; };
		3A59BE791C8D0A3F00C73635 /* SignUpViewController.swift in Sources */ = {isa = PBXBuildFile; fileRef = 3A59BE781C8D0A3F00C73635 /* SignUpViewController.swift */; };
		B2D02A5E227BCF1850F0966D /* Pods_InstaPics.framework in Frameworks */ = {isa = PBXBuildFile; fileRef = 878ED65848C0AACA75EF8059 /* Pods_InstaPics.framework */; };
/* End PBXBuildFile section */

/* Begin PBXFileReference section */
		3A2EE6B81C88A2EE000FE9B9 /* HomeViewController.swift */ = {isa = PBXFileReference; fileEncoding = 4; lastKnownFileType = sourcecode.swift; path = HomeViewController.swift; sourceTree = "<group>"; };
		3A2EE6BA1C88A30A000FE9B9 /* CaptureViewController.swift */ = {isa = PBXFileReference; fileEncoding = 4; lastKnownFileType = sourcecode.swift; path = CaptureViewController.swift; sourceTree = "<group>"; };
		3A2EE6BC1C88A320000FE9B9 /* ProfileViewController.swift */ = {isa = PBXFileReference; fileEncoding = 4; lastKnownFileType = sourcecode.swift; path = ProfileViewController.swift; sourceTree = "<group>"; };
		3A2EE6BF1C88A58C000FE9B9 /* instaCellTableViewCell.swift */ = {isa = PBXFileReference; fileEncoding = 4; lastKnownFileType = sourcecode.swift; path = instaCellTableViewCell.swift; sourceTree = "<group>"; };
		3A2EE6C11C88A7EC000FE9B9 /* UserMedia.swift */ = {isa = PBXFileReference; fileEncoding = 4; lastKnownFileType = sourcecode.swift; path = UserMedia.swift; sourceTree = "<group>"; };
		3A5154021C7FB81D007732B3 /* InstaPics.app */ = {isa = PBXFileReference; explicitFileType = wrapper.application; includeInIndex = 0; path = InstaPics.app; sourceTree = BUILT_PRODUCTS_DIR; };
		3A5154051C7FB81D007732B3 /* AppDelegate.swift */ = {isa = PBXFileReference; lastKnownFileType = sourcecode.swift; path = AppDelegate.swift; sourceTree = "<group>"; };
		3A51540A1C7FB81D007732B3 /* Base */ = {isa = PBXFileReference; lastKnownFileType = file.storyboard; name = Base; path = Base.lproj/Main.storyboard; sourceTree = "<group>"; };
		3A51540C1C7FB81D007732B3 /* Assets.xcassets */ = {isa = PBXFileReference; lastKnownFileType = folder.assetcatalog; path = Assets.xcassets; sourceTree = "<group>"; };
		3A51540F1C7FB81D007732B3 /* Base */ = {isa = PBXFileReference; lastKnownFileType = file.storyboard; name = Base; path = Base.lproj/LaunchScreen.storyboard; sourceTree = "<group>"; };
		3A5154111C7FB81D007732B3 /* Info.plist */ = {isa = PBXFileReference; lastKnownFileType = text.plist.xml; path = Info.plist; sourceTree = "<group>"; };
		3A5154211C7FDCEA007732B3 /* LoginViewController.swift */ = {isa = PBXFileReference; fileEncoding = 4; lastKnownFileType = sourcecode.swift; path = LoginViewController.swift; sourceTree = "<group>"; };
		3A563AFB1C8FCDB700F8D05F /* Email.xib */ = {isa = PBXFileReference; fileEncoding = 4; lastKnownFileType = file.xib; path = Email.xib; sourceTree = "<group>"; };
		3A563AFE1C8FCDD000F8D05F /* Email.swift */ = {isa = PBXFileReference; fileEncoding = 4; lastKnownFileType = sourcecode.swift; path = Email.swift; sourceTree = "<group>"; };
		3A563B011C8FDDD000F8D05F /* LogIn.xib */ = {isa = PBXFileReference; fileEncoding = 4; lastKnownFileType = file.xib; path = LogIn.xib; sourceTree = "<group>"; };
		3A563B031C8FDDDB00F8D05F /* Login.swift */ = {isa = PBXFileReference; fileEncoding = 4; lastKnownFileType = sourcecode.swift; path = Login.swift; sourceTree = "<group>"; };
		3A59BE781C8D0A3F00C73635 /* SignUpViewController.swift */ = {isa = PBXFileReference; fileEncoding = 4; lastKnownFileType = sourcecode.swift; name = SignUpViewController.swift; path = ../SignUpViewController.swift; sourceTree = "<group>"; };
		878ED65848C0AACA75EF8059 /* Pods_InstaPics.framework */ = {isa = PBXFileReference; explicitFileType = wrapper.framework; includeInIndex = 0; path = Pods_InstaPics.framework; sourceTree = BUILT_PRODUCTS_DIR; };
		C429B818094A0649F5337E8C /* Pods-InstaPics.debug.xcconfig */ = {isa = PBXFileReference; includeInIndex = 1; lastKnownFileType = text.xcconfig; name = "Pods-InstaPics.debug.xcconfig"; path = "Pods/Target Support Files/Pods-InstaPics/Pods-InstaPics.debug.xcconfig"; sourceTree = "<group>"; };
		C53A236486F20CB048AB27A8 /* Pods-InstaPics.release.xcconfig */ = {isa = PBXFileReference; includeInIndex = 1; lastKnownFileType = text.xcconfig; name = "Pods-InstaPics.release.xcconfig"; path = "Pods/Target Support Files/Pods-InstaPics/Pods-InstaPics.release.xcconfig"; sourceTree = "<group>"; };
/* End PBXFileReference section */

/* Begin PBXFrameworksBuildPhase section */
		3A5153FF1C7FB81C007732B3 /* Frameworks */ = {
			isa = PBXFrameworksBuildPhase;
			buildActionMask = 2147483647;
			files = (
				B2D02A5E227BCF1850F0966D /* Pods_InstaPics.framework in Frameworks */,
			);
			runOnlyForDeploymentPostprocessing = 0;
		};
/* End PBXFrameworksBuildPhase section */

/* Begin PBXGroup section */
		3A2EE6BE1C88A567000FE9B9 /* Cell */ = {
			isa = PBXGroup;
			children = (
				3A2EE6BF1C88A58C000FE9B9 /* instaCellTableViewCell.swift */,
			);
			name = Cell;
			sourceTree = "<group>";
		};
		3A39556E1C7FF335006BA318 /* StoryBoard */ = {
			isa = PBXGroup;
			children = (
				3A5154091C7FB81D007732B3 /* Main.storyboard */,
				3A563B001C8FDDBC00F8D05F /* Log In */,
				3A563AFD1C8FCDBD00F8D05F /* Email */,
			);
			name = StoryBoard;
			sourceTree = "<group>";
		};
		3A39556F1C7FF345006BA318 /* Others */ = {
			isa = PBXGroup;
			children = (
				3A51540E1C7FB81D007732B3 /* LaunchScreen.storyboard */,
				3A5154111C7FB81D007732B3 /* Info.plist */,
			);
			name = Others;
			sourceTree = "<group>";
		};
		3A5153F91C7FB81C007732B3 = {
			isa = PBXGroup;
			children = (
				3A5154041C7FB81D007732B3 /* InstaPics */,
				3A5154031C7FB81D007732B3 /* Products */,
				8F7B53A36D31DDD29CFA458B /* Pods */,
				9B47A0DB597236D159B2CEA2 /* Frameworks */,
			);
			sourceTree = "<group>";
		};
		3A5154031C7FB81D007732B3 /* Products */ = {
			isa = PBXGroup;
			children = (
				3A5154021C7FB81D007732B3 /* InstaPics.app */,
			);
			name = Products;
			sourceTree = "<group>";
		};
		3A5154041C7FB81D007732B3 /* InstaPics */ = {
			isa = PBXGroup;
			children = (
				3A51540C1C7FB81D007732B3 /* Assets.xcassets */,
				3A5154051C7FB81D007732B3 /* AppDelegate.swift */,
				3A2EE6BE1C88A567000FE9B9 /* Cell */,
				3A5154231C7FDCEE007732B3 /* ViewController */,
				3A59BE6F1C8A8F7900C73635 /* Model */,
				3A39556E1C7FF335006BA318 /* StoryBoard */,
				3A39556F1C7FF345006BA318 /* Others */,
			);
			path = InstaPics;
			sourceTree = "<group>";
		};
		3A5154231C7FDCEE007732B3 /* ViewController */ = {
			isa = PBXGroup;
			children = (
				3A5154211C7FDCEA007732B3 /* LoginViewController.swift */,
				3A59BE781C8D0A3F00C73635 /* SignUpViewController.swift */,
				3A2EE6B81C88A2EE000FE9B9 /* HomeViewController.swift */,
				3A2EE6BA1C88A30A000FE9B9 /* CaptureViewController.swift */,
				3A2EE6BC1C88A320000FE9B9 /* ProfileViewController.swift */,
			);
			name = ViewController;
			sourceTree = "<group>";
		};
		3A563AFD1C8FCDBD00F8D05F /* Email */ = {
			isa = PBXGroup;
			children = (
				3A563AFB1C8FCDB700F8D05F /* Email.xib */,
				3A563AFE1C8FCDD000F8D05F /* Email.swift */,
			);
			name = Email;
			sourceTree = "<group>";
		};
		3A563B001C8FDDBC00F8D05F /* Log In */ = {
			isa = PBXGroup;
			children = (
				3A563B011C8FDDD000F8D05F /* LogIn.xib */,
				3A563B031C8FDDDB00F8D05F /* Login.swift */,
			);
			name = "Log In";
			sourceTree = "<group>";
		};
		3A59BE6F1C8A8F7900C73635 /* Model */ = {
			isa = PBXGroup;
			children = (
				3A2EE6C11C88A7EC000FE9B9 /* UserMedia.swift */,
			);
			name = Model;
			sourceTree = "<group>";
		};
		8F7B53A36D31DDD29CFA458B /* Pods */ = {
			isa = PBXGroup;
			children = (
				C429B818094A0649F5337E8C /* Pods-InstaPics.debug.xcconfig */,
				C53A236486F20CB048AB27A8 /* Pods-InstaPics.release.xcconfig */,
			);
			name = Pods;
			sourceTree = "<group>";
		};
		9B47A0DB597236D159B2CEA2 /* Frameworks */ = {
			isa = PBXGroup;
			children = (
				878ED65848C0AACA75EF8059 /* Pods_InstaPics.framework */,
			);
			name = Frameworks;
			sourceTree = "<group>";
		};
/* End PBXGroup section */

/* Begin PBXNativeTarget section */
		3A5154011C7FB81C007732B3 /* InstaPics */ = {
			isa = PBXNativeTarget;
			buildConfigurationList = 3A5154141C7FB81D007732B3 /* Build configuration list for PBXNativeTarget "InstaPics" */;
			buildPhases = (
				605775FF0646C6C15D7B1C2C /* Check Pods Manifest.lock */,
				3A5153FE1C7FB81C007732B3 /* Sources */,
				3A5153FF1C7FB81C007732B3 /* Frameworks */,
				3A5154001C7FB81C007732B3 /* Resources */,
				C82B32533784D63729621080 /* Embed Pods Frameworks */,
				8801FD87778B220D9DA48D0F /* Copy Pods Resources */,
			);
			buildRules = (
			);
			dependencies = (
			);
			name = InstaPics;
			productName = InstaPics;
			productReference = 3A5154021C7FB81D007732B3 /* InstaPics.app */;
			productType = "com.apple.product-type.application";
		};
/* End PBXNativeTarget section */

/* Begin PBXProject section */
		3A5153FA1C7FB81C007732B3 /* Project object */ = {
			isa = PBXProject;
			attributes = {
				LastSwiftUpdateCheck = 0720;
				LastUpgradeCheck = 0720;
				ORGANIZATIONNAME = "Zhipeng Mei";
				TargetAttributes = {
					3A5154011C7FB81C007732B3 = {
						CreatedOnToolsVersion = 7.2.1;
						DevelopmentTeam = V5KYEP5U7A;
					};
				};
			};
			buildConfigurationList = 3A5153FD1C7FB81C007732B3 /* Build configuration list for PBXProject "InstaPics" */;
			compatibilityVersion = "Xcode 3.2";
			developmentRegion = English;
			hasScannedForEncodings = 0;
			knownRegions = (
				en,
				Base,
			);
			mainGroup = 3A5153F91C7FB81C007732B3;
			productRefGroup = 3A5154031C7FB81D007732B3 /* Products */;
			projectDirPath = "";
			projectRoot = "";
			targets = (
				3A5154011C7FB81C007732B3 /* InstaPics */,
			);
		};
/* End PBXProject section */

/* Begin PBXResourcesBuildPhase section */
		3A5154001C7FB81C007732B3 /* Resources */ = {
			isa = PBXResourcesBuildPhase;
			buildActionMask = 2147483647;
			files = (
				3A5154101C7FB81D007732B3 /* LaunchScreen.storyboard in Resources */,
				3A51540D1C7FB81D007732B3 /* Assets.xcassets in Resources */,
				3A563AFC1C8FCDB700F8D05F /* Email.xib in Resources */,
				3A51540B1C7FB81D007732B3 /* Main.storyboard in Resources */,
				3A563B021C8FDDD000F8D05F /* LogIn.xib in Resources */,
			);
			runOnlyForDeploymentPostprocessing = 0;
		};
/* End PBXResourcesBuildPhase section */

/* Begin PBXShellScriptBuildPhase section */
		605775FF0646C6C15D7B1C2C /* Check Pods Manifest.lock */ = {
			isa = PBXShellScriptBuildPhase;
			buildActionMask = 2147483647;
			files = (
			);
			inputPaths = (
			);
			name = "Check Pods Manifest.lock";
			outputPaths = (
			);
			runOnlyForDeploymentPostprocessing = 0;
			shellPath = /bin/sh;
			shellScript = "diff \"${PODS_ROOT}/../Podfile.lock\" \"${PODS_ROOT}/Manifest.lock\" > /dev/null\nif [[ $? != 0 ]] ; then\n    cat << EOM\nerror: The sandbox is not in sync with the Podfile.lock. Run 'pod install' or update your CocoaPods installation.\nEOM\n    exit 1\nfi\n";
			showEnvVarsInLog = 0;
		};
		8801FD87778B220D9DA48D0F /* Copy Pods Resources */ = {
			isa = PBXShellScriptBuildPhase;
			buildActionMask = 2147483647;
			files = (
			);
			inputPaths = (
			);
			name = "Copy Pods Resources";
			outputPaths = (
			);
			runOnlyForDeploymentPostprocessing = 0;
			shellPath = /bin/sh;
			shellScript = "\"${SRCROOT}/Pods/Target Support Files/Pods-InstaPics/Pods-InstaPics-resources.sh\"\n";
			showEnvVarsInLog = 0;
		};
		C82B32533784D63729621080 /* Embed Pods Frameworks */ = {
			isa = PBXShellScriptBuildPhase;
			buildActionMask = 2147483647;
			files = (
			);
			inputPaths = (
			);
			name = "Embed Pods Frameworks";
			outputPaths = (
			);
			runOnlyForDeploymentPostprocessing = 0;
			shellPath = /bin/sh;
			shellScript = "\"${SRCROOT}/Pods/Target Support Files/Pods-InstaPics/Pods-InstaPics-frameworks.sh\"\n";
			showEnvVarsInLog = 0;
		};
/* End PBXShellScriptBuildPhase section */

/* Begin PBXSourcesBuildPhase section */
		3A5153FE1C7FB81C007732B3 /* Sources */ = {
			isa = PBXSourcesBuildPhase;
			buildActionMask = 2147483647;
			files = (
				3A2EE6B91C88A2EE000FE9B9 /* HomeViewController.swift in Sources */,
				3A563B041C8FDDDB00F8D05F /* Login.swift in Sources */,
				3A2EE6C01C88A58C000FE9B9 /* instaCellTableViewCell.swift in Sources */,
				3A2EE6BB1C88A30A000FE9B9 /* CaptureViewController.swift in Sources */,
				3A5154221C7FDCEA007732B3 /* LoginViewController.swift in Sources */,
				3A59BE791C8D0A3F00C73635 /* SignUpViewController.swift in Sources */,
				3A563AFF1C8FCDD000F8D05F /* Email.swift in Sources */,
				3A2EE6BD1C88A320000FE9B9 /* ProfileViewController.swift in Sources */,
				3A2EE6C21C88A7EC000FE9B9 /* UserMedia.swift in Sources */,
				3A5154061C7FB81D007732B3 /* AppDelegate.swift in Sources */,
			);
			runOnlyForDeploymentPostprocessing = 0;
		};
/* End PBXSourcesBuildPhase section */

/* Begin PBXVariantGroup section */
		3A5154091C7FB81D007732B3 /* Main.storyboard */ = {
			isa = PBXVariantGroup;
			children = (
				3A51540A1C7FB81D007732B3 /* Base */,
			);
			name = Main.storyboard;
			sourceTree = "<group>";
		};
		3A51540E1C7FB81D007732B3 /* LaunchScreen.storyboard */ = {
			isa = PBXVariantGroup;
			children = (
				3A51540F1C7FB81D007732B3 /* Base */,
			);
			name = LaunchScreen.storyboard;
			sourceTree = "<group>";
		};
/* End PBXVariantGroup section */

/* Begin XCBuildConfiguration section */
		3A5154121C7FB81D007732B3 /* Debug */ = {
			isa = XCBuildConfiguration;
			buildSettings = {
				ALWAYS_SEARCH_USER_PATHS = NO;
				CLANG_CXX_LANGUAGE_STANDARD = "gnu++0x";
				CLANG_CXX_LIBRARY = "libc++";
				CLANG_ENABLE_MODULES = YES;
				CLANG_ENABLE_OBJC_ARC = YES;
				CLANG_WARN_BOOL_CONVERSION = YES;
				CLANG_WARN_CONSTANT_CONVERSION = YES;
				CLANG_WARN_DIRECT_OBJC_ISA_USAGE = YES_ERROR;
				CLANG_WARN_EMPTY_BODY = YES;
				CLANG_WARN_ENUM_CONVERSION = YES;
				CLANG_WARN_INT_CONVERSION = YES;
				CLANG_WARN_OBJC_ROOT_CLASS = YES_ERROR;
				CLANG_WARN_UNREACHABLE_CODE = YES;
				CLANG_WARN__DUPLICATE_METHOD_MATCH = YES;
				"CODE_SIGN_IDENTITY[sdk=iphoneos*]" = "iPhone Developer";
				COPY_PHASE_STRIP = NO;
				DEBUG_INFORMATION_FORMAT = dwarf;
				ENABLE_STRICT_OBJC_MSGSEND = YES;
				ENABLE_TESTABILITY = YES;
				GCC_C_LANGUAGE_STANDARD = gnu99;
				GCC_DYNAMIC_NO_PIC = NO;
				GCC_NO_COMMON_BLOCKS = YES;
				GCC_OPTIMIZATION_LEVEL = 0;
				GCC_PREPROCESSOR_DEFINITIONS = (
					"DEBUG=1",
					"$(inherited)",
				);
				GCC_WARN_64_TO_32_BIT_CONVERSION = YES;
				GCC_WARN_ABOUT_RETURN_TYPE = YES_ERROR;
				GCC_WARN_UNDECLARED_SELECTOR = YES;
				GCC_WARN_UNINITIALIZED_AUTOS = YES_AGGRESSIVE;
				GCC_WARN_UNUSED_FUNCTION = YES;
				GCC_WARN_UNUSED_VARIABLE = YES;
				IPHONEOS_DEPLOYMENT_TARGET = 9.2;
				MTL_ENABLE_DEBUG_INFO = YES;
				ONLY_ACTIVE_ARCH = YES;
				SDKROOT = iphoneos;
				SWIFT_OPTIMIZATION_LEVEL = "-Onone";
				TARGETED_DEVICE_FAMILY = "1,2";
			};
			name = Debug;
		};
		3A5154131C7FB81D007732B3 /* Release */ = {
			isa = XCBuildConfiguration;
			buildSettings = {
				ALWAYS_SEARCH_USER_PATHS = NO;
				CLANG_CXX_LANGUAGE_STANDARD = "gnu++0x";
				CLANG_CXX_LIBRARY = "libc++";
				CLANG_ENABLE_MODULES = YES;
				CLANG_ENABLE_OBJC_ARC = YES;
				CLANG_WARN_BOOL_CONVERSION = YES;
				CLANG_WARN_CONSTANT_CONVERSION = YES;
				CLANG_WARN_DIRECT_OBJC_ISA_USAGE = YES_ERROR;
				CLANG_WARN_EMPTY_BODY = YES;
				CLANG_WARN_ENUM_CONVERSION = YES;
				CLANG_WARN_INT_CONVERSION = YES;
				CLANG_WARN_OBJC_ROOT_CLASS = YES_ERROR;
				CLANG_WARN_UNREACHABLE_CODE = YES;
				CLANG_WARN__DUPLICATE_METHOD_MATCH = YES;
				"CODE_SIGN_IDENTITY[sdk=iphoneos*]" = "iPhone Developer";
				COPY_PHASE_STRIP = NO;
				DEBUG_INFORMATION_FORMAT = "dwarf-with-dsym";
				ENABLE_NS_ASSERTIONS = NO;
				ENABLE_STRICT_OBJC_MSGSEND = YES;
				GCC_C_LANGUAGE_STANDARD = gnu99;
				GCC_NO_COMMON_BLOCKS = YES;
				GCC_WARN_64_TO_32_BIT_CONVERSION = YES;
				GCC_WARN_ABOUT_RETURN_TYPE = YES_ERROR;
				GCC_WARN_UNDECLARED_SELECTOR = YES;
				GCC_WARN_UNINITIALIZED_AUTOS = YES_AGGRESSIVE;
				GCC_WARN_UNUSED_FUNCTION = YES;
				GCC_WARN_UNUSED_VARIABLE = YES;
				IPHONEOS_DEPLOYMENT_TARGET = 9.2;
				MTL_ENABLE_DEBUG_INFO = NO;
				SDKROOT = iphoneos;
				TARGETED_DEVICE_FAMILY = "1,2";
				VALIDATE_PRODUCT = YES;
			};
			name = Release;
		};
		3A5154151C7FB81D007732B3 /* Debug */ = {
			isa = XCBuildConfiguration;
			baseConfigurationReference = C429B818094A0649F5337E8C /* Pods-InstaPics.debug.xcconfig */;
			buildSettings = {
				ASSETCATALOG_COMPILER_APPICON_NAME = AppIcon;
				INFOPLIST_FILE = InstaPics/Info.plist;
				LD_RUNPATH_SEARCH_PATHS = "$(inherited) @executable_path/Frameworks";
				PRODUCT_BUNDLE_IDENTIFIER = com.malemotive.InstaPics;
				PRODUCT_NAME = "$(TARGET_NAME)";
			};
			name = Debug;
		};
		3A5154161C7FB81D007732B3 /* Release */ = {
			isa = XCBuildConfiguration;
			baseConfigurationReference = C53A236486F20CB048AB27A8 /* Pods-InstaPics.release.xcconfig */;
			buildSettings = {
				ASSETCATALOG_COMPILER_APPICON_NAME = AppIcon;
				INFOPLIST_FILE = InstaPics/Info.plist;
				LD_RUNPATH_SEARCH_PATHS = "$(inherited) @executable_path/Frameworks";
				PRODUCT_BUNDLE_IDENTIFIER = com.malemotive.InstaPics;
				PRODUCT_NAME = "$(TARGET_NAME)";
			};
			name = Release;
		};
/* End XCBuildConfiguration section */

/* Begin XCConfigurationList section */
		3A5153FD1C7FB81C007732B3 /* Build configuration list for PBXProject "InstaPics" */ = {
			isa = XCConfigurationList;
			buildConfigurations = (
				3A5154121C7FB81D007732B3 /* Debug */,
				3A5154131C7FB81D007732B3 /* Release */,
			);
			defaultConfigurationIsVisible = 0;
			defaultConfigurationName = Release;
		};
		3A5154141C7FB81D007732B3 /* Build configuration list for PBXNativeTarget "InstaPics" */ = {
			isa = XCConfigurationList;
			buildConfigurations = (
				3A5154151C7FB81D007732B3 /* Debug */,
				3A5154161C7FB81D007732B3 /* Release */,
			);
			defaultConfigurationIsVisible = 0;
			defaultConfigurationName = Release;
		};
/* End XCConfigurationList section */
	};
	rootObject = 3A5153FA1C7FB81C007732B3 /* Project object */;
}
