// !$*UTF8*$!
{
	archiveVersion = 1;
	classes = {
	};
	objectVersion = 46;
	objects = {

/* Begin PBXBuildFile section */
		3A5154061C7FB81D007732B3 /* AppDelegate.swift in Sources */ = {isa = PBXBuildFile; fileRef = 3A5154051C7FB81D007732B3 /* AppDelegate.swift */; };
		3A5154081C7FB81D007732B3 /* ViewController.swift in Sources */ = {isa = PBXBuildFile; fileRef = 3A5154071C7FB81D007732B3 /* ViewController.swift */; };
		3A51540B1C7FB81D007732B3 /* Main.storyboard in Resources */ = {isa = PBXBuildFile; fileRef = 3A5154091C7FB81D007732B3 /* Main.storyboard */; };
		3A51540D1C7FB81D007732B3 /* Assets.xcassets in Resources */ = {isa = PBXBuildFile; fileRef = 3A51540C1C7FB81D007732B3 /* Assets.xcassets */; };
		3A5154101C7FB81D007732B3 /* LaunchScreen.storyboard in Resources */ = {isa = PBXBuildFile; fileRef = 3A51540E1C7FB81D007732B3 /* LaunchScreen.storyboard */; };
/* End PBXBuildFile section */

/* Begin PBXFileReference section */
		3A5154021C7FB81D007732B3 /* InstaPics.app */ = {isa = PBXFileReference; explicitFileType = wrapper.application; includeInIndex = 0; path = InstaPics.app; sourceTree = BUILT_PRODUCTS_DIR; };
		3A5154051C7FB81D007732B3 /* AppDelegate.swift */ = {isa = PBXFileReference; lastKnownFileType = sourcecode.swift; path = AppDelegate.swift; sourceTree = "<group>"; };
		3A5154071C7FB81D007732B3 /* ViewController.swift */ = {isa = PBXFileReference; lastKnownFileType = sourcecode.swift; path = ViewController.swift; sourceTree = "<group>"; };
		3A51540A1C7FB81D007732B3 /* Base */ = {isa = PBXFileReference; lastKnownFileType = file.storyboard; name = Base; path = Base.lproj/Main.storyboard; sourceTree = "<group>"; };
		3A51540C1C7FB81D007732B3 /* Assets.xcassets */ = {isa = PBXFileReference; lastKnownFileType = folder.assetcatalog; path = Assets.xcassets; sourceTree = "<group>"; };
		3A51540F1C7FB81D007732B3 /* Base */ = {isa = PBXFileReference; lastKnownFileType = file.storyboard; name = Base; path = Base.lproj/LaunchScreen.storyboard; sourceTree = "<group>"; };
		3A5154111C7FB81D007732B3 /* Info.plist */ = {isa = PBXFileReference; lastKnownFileType = text.plist.xml; path = Info.plist; sourceTree = "<group>"; };
/* End PBXFileReference section */

/* Begin PBXFrameworksBuildPhase section */
		3A5153FF1C7FB81C007732B3 /* Frameworks */ = {
			isa = PBXFrameworksBuildPhase;
			buildActionMask = 2147483647;
			files = (
			);
			runOnlyForDeploymentPostprocessing = 0;
		};
/* End PBXFrameworksBuildPhase section */

/* Begin PBXGroup section */
		3A5153F91C7FB81C007732B3 = {
			isa = PBXGroup;
			children = (
				3A5154041C7FB81D007732B3 /* InstaPics */,
				3A5154031C7FB81D007732B3 /* Products */,
			);
			sourceTree = "<group>";
		};
		3A5154031C7FB81D007732B3 /* Products */ = {
			isa = PBXGroup;
			children = (
				3A5154021C7FB81D007732B3 /* InstaPics.app */,
			);
			name = Products;
			sourceTree = "<group>";
		};
		3A5154041C7FB81D007732B3 /* InstaPics */ = {
			isa = PBXGroup;
			children = (
				3A5154051C7FB81D007732B3 /* AppDelegate.swift */,
				3A5154071C7FB81D007732B3 /* ViewController.swift */,
				3A5154091C7FB81D007732B3 /* Main.storyboard */,
				3A51540C1C7FB81D007732B3 /* Assets.xcassets */,
				3A51540E1C7FB81D007732B3 /* LaunchScreen.storyboard */,
				3A5154111C7FB81D007732B3 /* Info.plist */,
			);
			path = InstaPics;
			sourceTree = "<group>";
		};
/* End PBXGroup section */

/* Begin PBXNativeTarget section */
		3A5154011C7FB81C007732B3 /* InstaPics */ = {
			isa = PBXNativeTarget;
			buildConfigurationList = 3A5154141C7FB81D007732B3 /* Build configuration list for PBXNativeTarget "InstaPics" */;
			buildPhases = (
				3A5153FE1C7FB81C007732B3 /* Sources */,
				3A5153FF1C7FB81C007732B3 /* Frameworks */,
				3A5154001C7FB81C007732B3 /* Resources */,
			);
			buildRules = (
			);
			dependencies = (
			);
			name = InstaPics;
			productName = InstaPics;
			productReference = 3A5154021C7FB81D007732B3 /* InstaPics.app */;
			productType = "com.apple.product-type.application";
		};
/* End PBXNativeTarget section */

/* Begin PBXProject section */
		3A5153FA1C7FB81C007732B3 /* Project object */ = {
			isa = PBXProject;
			attributes = {
				LastSwiftUpdateCheck = 0720;
				LastUpgradeCheck = 0720;
				ORGANIZATIONNAME = "Zhipeng Mei";
				TargetAttributes = {
					3A5154011C7FB81C007732B3 = {
						CreatedOnToolsVersion = 7.2.1;
						DevelopmentTeam = V5KYEP5U7A;
					};
				};
			};
			buildConfigurationList = 3A5153FD1C7FB81C007732B3 /* Build configuration list for PBXProject "InstaPics" */;
			compatibilityVersion = "Xcode 3.2";
			developmentRegion = English;
			hasScannedForEncodings = 0;
			knownRegions = (
				en,
				Base,
			);
			mainGroup = 3A5153F91C7FB81C007732B3;
			productRefGroup = 3A5154031C7FB81D007732B3 /* Products */;
			projectDirPath = "";
			projectRoot = "";
			targets = (
				3A5154011C7FB81C007732B3 /* InstaPics */,
			);
		};
/* End PBXProject section */

/* Begin PBXResourcesBuildPhase section */
		3A5154001C7FB81C007732B3 /* Resources */ = {
			isa = PBXResourcesBuildPhase;
			buildActionMask = 2147483647;
			files = (
				3A5154101C7FB81D007732B3 /* LaunchScreen.storyboard in Resources */,
				3A51540D1C7FB81D007732B3 /* Assets.xcassets in Resources */,
				3A51540B1C7FB81D007732B3 /* Main.storyboard in Resources */,
			);
			runOnlyForDeploymentPostprocessing = 0;
		};
/* End PBXResourcesBuildPhase section */

/* Begin PBXSourcesBuildPhase section */
		3A5153FE1C7FB81C007732B3 /* Sources */ = {
			isa = PBXSourcesBuildPhase;
			buildActionMask = 2147483647;
			files = (
				3A5154081C7FB81D007732B3 /* ViewController.swift in Sources */,
				3A5154061C7FB81D007732B3 /* AppDelegate.swift in Sources */,
			);
			runOnlyForDeploymentPostprocessing = 0;
		};
/* End PBXSourcesBuildPhase section */

/* Begin PBXVariantGroup section */
		3A5154091C7FB81D007732B3 /* Main.storyboard */ = {
			isa = PBXVariantGroup;
			children = (
				3A51540A1C7FB81D007732B3 /* Base */,
			);
			name = Main.storyboard;
			sourceTree = "<group>";
		};
		3A51540E1C7FB81D007732B3 /* LaunchScreen.storyboard */ = {
			isa = PBXVariantGroup;
			children = (
				3A51540F1C7FB81D007732B3 /* Base */,
			);
			name = LaunchScreen.storyboard;
			sourceTree = "<group>";
		};
/* End PBXVariantGroup section */

/* Begin XCBuildConfiguration section */
		3A5154121C7FB81D007732B3 /* Debug */ = {
			isa = XCBuildConfiguration;
			buildSettings = {
				ALWAYS_SEARCH_USER_PATHS = NO;
				CLANG_CXX_LANGUAGE_STANDARD = "gnu++0x";
				CLANG_CXX_LIBRARY = "libc++";
				CLANG_ENABLE_MODULES = YES;
				CLANG_ENABLE_OBJC_ARC = YES;
				CLANG_WARN_BOOL_CONVERSION = YES;
				CLANG_WARN_CONSTANT_CONVERSION = YES;
				CLANG_WARN_DIRECT_OBJC_ISA_USAGE = YES_ERROR;
				CLANG_WARN_EMPTY_BODY = YES;
				CLANG_WARN_ENUM_CONVERSION = YES;
				CLANG_WARN_INT_CONVERSION = YES;
				CLANG_WARN_OBJC_ROOT_CLASS = YES_ERROR;
				CLANG_WARN_UNREACHABLE_CODE = YES;
				CLANG_WARN__DUPLICATE_METHOD_MATCH = YES;
				"CODE_SIGN_IDENTITY[sdk=iphoneos*]" = "iPhone Developer";
				COPY_PHASE_STRIP = NO;
				DEBUG_INFORMATION_FORMAT = dwarf;
				ENABLE_STRICT_OBJC_MSGSEND = YES;
				ENABLE_TESTABILITY = YES;
				GCC_C_LANGUAGE_STANDARD = gnu99;
				GCC_DYNAMIC_NO_PIC = NO;
				GCC_NO_COMMON_BLOCKS = YES;
				GCC_OPTIMIZATION_LEVEL = 0;
				GCC_PREPROCESSOR_DEFINITIONS = (
					"DEBUG=1",
					"$(inherited)",
				);
				GCC_WARN_64_TO_32_BIT_CONVERSION = YES;
				GCC_WARN_ABOUT_RETURN_TYPE = YES_ERROR;
				GCC_WARN_UNDECLARED_SELECTOR = YES;
				GCC_WARN_UNINITIALIZED_AUTOS = YES_AGGRESSIVE;
				GCC_WARN_UNUSED_FUNCTION = YES;
				GCC_WARN_UNUSED_VARIABLE = YES;
				IPHONEOS_DEPLOYMENT_TARGET = 9.2;
				MTL_ENABLE_DEBUG_INFO = YES;
				ONLY_ACTIVE_ARCH = YES;
				SDKROOT = iphoneos;
				SWIFT_OPTIMIZATION_LEVEL = "-Onone";
				TARGETED_DEVICE_FAMILY = "1,2";
			};
			name = Debug;
		};
		3A5154131C7FB81D007732B3 /* Release */ = {
			isa = XCBuildConfiguration;
			buildSettings = {
				ALWAYS_SEARCH_USER_PATHS = NO;
				CLANG_CXX_LANGUAGE_STANDARD = "gnu++0x";
				CLANG_CXX_LIBRARY = "libc++";
				CLANG_ENABLE_MODULES = YES;
				CLANG_ENABLE_OBJC_ARC = YES;
				CLANG_WARN_BOOL_CONVERSION = YES;
				CLANG_WARN_CONSTANT_CONVERSION = YES;
				CLANG_WARN_DIRECT_OBJC_ISA_USAGE = YES_ERROR;
				CLANG_WARN_EMPTY_BODY = YES;
				CLANG_WARN_ENUM_CONVERSION = YES;
				CLANG_WARN_INT_CONVERSION = YES;
				CLANG_WARN_OBJC_ROOT_CLASS = YES_ERROR;
				CLANG_WARN_UNREACHABLE_CODE = YES;
				CLANG_WARN__DUPLICATE_METHOD_MATCH = YES;
				"CODE_SIGN_IDENTITY[sdk=iphoneos*]" = "iPhone Developer";
				COPY_PHASE_STRIP = NO;
				DEBUG_INFORMATION_FORMAT = "dwarf-with-dsym";
				ENABLE_NS_ASSERTIONS = NO;
				ENABLE_STRICT_OBJC_MSGSEND = YES;
				GCC_C_LANGUAGE_STANDARD = gnu99;
				GCC_NO_COMMON_BLOCKS = YES;
				GCC_WARN_64_TO_32_BIT_CONVERSION = YES;
				GCC_WARN_ABOUT_RETURN_TYPE = YES_ERROR;
				GCC_WARN_UNDECLARED_SELECTOR = YES;
				GCC_WARN_UNINITIALIZED_AUTOS = YES_AGGRESSIVE;
				GCC_WARN_UNUSED_FUNCTION = YES;
				GCC_WARN_UNUSED_VARIABLE = YES;
				IPHONEOS_DEPLOYMENT_TARGET = 9.2;
				MTL_ENABLE_DEBUG_INFO = NO;
				SDKROOT = iphoneos;
				TARGETED_DEVICE_FAMILY = "1,2";
				VALIDATE_PRODUCT = YES;
			};
			name = Release;
		};
		3A5154151C7FB81D007732B3 /* Debug */ = {
			isa = XCBuildConfiguration;
			buildSettings = {
				ASSETCATALOG_COMPILER_APPICON_NAME = AppIcon;
				INFOPLIST_FILE = InstaPics/Info.plist;
				LD_RUNPATH_SEARCH_PATHS = "$(inherited) @executable_path/Frameworks";
				PRODUCT_BUNDLE_IDENTIFIER = com.malemotive.InstaPics;
				PRODUCT_NAME = "$(TARGET_NAME)";
			};
			name = Debug;
		};
		3A5154161C7FB81D007732B3 /* Release */ = {
			isa = XCBuildConfiguration;
			buildSettings = {
				ASSETCATALOG_COMPILER_APPICON_NAME = AppIcon;
				INFOPLIST_FILE = InstaPics/Info.plist;
				LD_RUNPATH_SEARCH_PATHS = "$(inherited) @executable_path/Frameworks";
				PRODUCT_BUNDLE_IDENTIFIER = com.malemotive.InstaPics;
				PRODUCT_NAME = "$(TARGET_NAME)";
			};
			name = Release;
		};
/* End XCBuildConfiguration section */

/* Begin XCConfigurationList section */
		3A5153FD1C7FB81C007732B3 /* Build configuration list for PBXProject "InstaPics" */ = {
			isa = XCConfigurationList;
			buildConfigurations = (
				3A5154121C7FB81D007732B3 /* Debug */,
				3A5154131C7FB81D007732B3 /* Release */,
			);
			defaultConfigurationIsVisible = 0;
			defaultConfigurationName = Release;
		};
		3A5154141C7FB81D007732B3 /* Build configuration list for PBXNativeTarget "InstaPics" */ = {
			isa = XCConfigurationList;
			buildConfigurations = (
				3A5154151C7FB81D007732B3 /* Debug */,
				3A5154161C7FB81D007732B3 /* Release */,
			);
			defaultConfigurationIsVisible = 0;
		};
/* End XCConfigurationList section */
	};
	rootObject = 3A5153FA1C7FB81C007732B3 /* Project object */;
}
